{
  "requires": true,
  "lockfileVersion": 1,
  "dependencies": {
    "vmap": {
      "version": "3.0.0",
      "resolved": "https://registry.npmjs.org/vmap/-/vmap-3.0.0.tgz",
      "integrity": "sha512-YXENWwvRgqBfedhDVYOY0EMv6uiXe7AJm8ODxyptdeoKtoGu36mnR1Vs04jjkoVxPnqGFiaMwnbgzmy59R8H1g=="
    }
  }
}
